
Microsoft Visual Studio Solution File, Format Version 12.00
# Visual Studio Version 17
VisualStudioVersion = 17.14.36301.6 d17.14
MinimumVisualStudioVersion = 10.0.40219.1
Project("{FAE04EC0-301F-11D3-BF4B-00C04F79EFBC}") = "BorromeoYouTubeViewer", "BorromeoYouTubeViewer\BorromeoYouTubeViewer.csproj", "{880B3CB1-32F2-44F7-AE70-8E15E949CCF7}"
EndProject
Project("{FAE04EC0-301F-11D3-BF4B-00C04F79EFBC}") = "BorromeoDomain", "BorromeoDomain\BorromeoDomain.csproj", "{7281332E-AA91-4717-9F00-1852B4B14006}"
EndProject
Project("{FAE04EC0-301F-11D3-BF4B-00C04F79EFBC}") = "BorromeoFramework", "BorromeoFramework\BorromeoFramework.csproj", "{930BB853-BC4E-4C70-B9CB-49358EA58B4A}"
EndProject
Global
	GlobalSection(SolutionConfigurationPlatforms) = preSolution
		Debug|Any CPU = Debug|Any CPU
		Release|Any CPU = Release|Any CPU
	EndGlobalSection
	GlobalSection(ProjectConfigurationPlatforms) = postSolution
		{880B3CB1-32F2-44F7-AE70-8E15E949CCF7}.Debug|Any CPU.ActiveCfg = Debug|Any CPU
		{880B3CB1-32F2-44F7-AE70-8E15E949CCF7}.Debug|Any CPU.Build.0 = Debug|Any CPU
		{880B3CB1-32F2-44F7-AE70-8E15E949CCF7}.Release|Any CPU.ActiveCfg = Release|Any CPU
		{880B3CB1-32F2-44F7-AE70-8E15E949CCF7}.Release|Any CPU.Build.0 = Release|Any CPU
		{7281332E-AA91-4717-9F00-1852B4B14006}.Debug|Any CPU.ActiveCfg = Debug|Any CPU
		{7281332E-AA91-4717-9F00-1852B4B14006}.Debug|Any CPU.Build.0 = Debug|Any CPU
		{7281332E-AA91-4717-9F00-1852B4B14006}.Release|Any CPU.ActiveCfg = Release|Any CPU
		{7281332E-AA91-4717-9F00-1852B4B14006}.Release|Any CPU.Build.0 = Release|Any CPU
		{930BB853-BC4E-4C70-B9CB-49358EA58B4A}.Debug|Any CPU.ActiveCfg = Debug|Any CPU
		{930BB853-BC4E-4C70-B9CB-49358EA58B4A}.Debug|Any CPU.Build.0 = Debug|Any CPU
		{930BB853-BC4E-4C70-B9CB-49358EA58B4A}.Release|Any CPU.ActiveCfg = Release|Any CPU
		{930BB853-BC4E-4C70-B9CB-49358EA58B4A}.Release|Any CPU.Build.0 = Release|Any CPU
	EndGlobalSection
	GlobalSection(SolutionProperties) = preSolution
		HideSolutionNode = FALSE
	EndGlobalSection
	GlobalSection(ExtensibilityGlobals) = postSolution
		SolutionGuid = {FBCB6117-D794-403D-8267-68B04A7169D5}
	EndGlobalSection
EndGlobal
